
Microsoft Visual Studio Solution File, Format Version 12.00
# Visual Studio Version 16
VisualStudioVersion = 16.0.30320.27
MinimumVisualStudioVersion = 10.0.40219.1
Project("{FAE04EC0-301F-11D3-BF4B-00C04F79EFBC}") = "OAuth2_IdentityServer", "OAuth2_IdentityServer.csproj", "{EE0C4343-BEDF-482A-B186-7E43A1E3A92E}"
EndProject
Global
	GlobalSection(SolutionConfigurationPlatforms) = preSolution
		Debug|Any CPU = Debug|Any CPU
		Release|Any CPU = Release|Any CPU
	EndGlobalSection
	GlobalSection(ProjectConfigurationPlatforms) = postSolution
		{EE0C4343-BEDF-482A-B186-7E43A1E3A92E}.Debug|Any CPU.ActiveCfg = Debug|Any CPU
		{EE0C4343-BEDF-482A-B186-7E43A1E3A92E}.Debug|Any CPU.Build.0 = Debug|Any CPU
		{EE0C4343-BEDF-482A-B186-7E43A1E3A92E}.Release|Any CPU.ActiveCfg = Release|Any CPU
		{EE0C4343-BEDF-482A-B186-7E43A1E3A92E}.Release|Any CPU.Build.0 = Release|Any CPU
	EndGlobalSection
	GlobalSection(SolutionProperties) = preSolution
		HideSolutionNode = FALSE
	EndGlobalSection
	GlobalSection(ExtensibilityGlobals) = postSolution
		SolutionGuid = {C15B86A6-FBCF-4EA5-9C3E-8C0627304629}
	EndGlobalSection
EndGlobal
